
Microsoft Visual Studio Solution File, Format Version 12.00
# Visual Studio Version 17
VisualStudioVersion = 17.5.002.0
MinimumVisualStudioVersion = 10.0.40219.1
Project("{9A19103F-16F7-4668-BE54-9A1E7A4F7556}") = "SemProg5", "SemProg5.csproj", "{0D135EDA-7BE4-406C-B5AB-1E17844439BD}"
EndProject
Global
	GlobalSection(SolutionConfigurationPlatforms) = preSolution
		Debug|Any CPU = Debug|Any CPU
		Release|Any CPU = Release|Any CPU
	EndGlobalSection
	GlobalSection(ProjectConfigurationPlatforms) = postSolution
		{0D135EDA-7BE4-406C-B5AB-1E17844439BD}.Debug|Any CPU.ActiveCfg = Debug|Any CPU
		{0D135EDA-7BE4-406C-B5AB-1E17844439BD}.Debug|Any CPU.Build.0 = Debug|Any CPU
		{0D135EDA-7BE4-406C-B5AB-1E17844439BD}.Release|Any CPU.ActiveCfg = Release|Any CPU
		{0D135EDA-7BE4-406C-B5AB-1E17844439BD}.Release|Any CPU.Build.0 = Release|Any CPU
	EndGlobalSection
	GlobalSection(SolutionProperties) = preSolution
		HideSolutionNode = FALSE
	EndGlobalSection
	GlobalSection(ExtensibilityGlobals) = postSolution
		SolutionGuid = {3425A4EE-0E83-46C9-9DB1-8A642B4CDBAC}
	EndGlobalSection
EndGlobal
